
Microsoft Visual Studio Solution File, Format Version 12.00
# Visual Studio 14
VisualStudioVersion = 14.0.25123.0
MinimumVisualStudioVersion = 10.0.40219.1
Project("{FAE04EC0-301F-11D3-BF4B-00C04F79EFBC}") = "ExpandoDB", "ExpandoDB\ExpandoDB.csproj", "{FAB731B0-3894-475C-B2B7-1B602647130F}"
EndProject
Project("{FAE04EC0-301F-11D3-BF4B-00C04F79EFBC}") = "ExpandoDB.Tests", "ExpandoDB.Tests\ExpandoDB.Tests.csproj", "{412B8855-C637-4184-8EFE-D9827258C85F}"
EndProject
Project("{FAE04EC0-301F-11D3-BF4B-00C04F79EFBC}") = "ExpandoDB.Rest", "ExpandoDB.Rest\ExpandoDB.Rest.csproj", "{805057EC-2405-4FDA-B2D9-65FDA56591DF}"
EndProject
Project("{FAE04EC0-301F-11D3-BF4B-00C04F79EFBC}") = "ExpandoDB.Service", "ExpandoDB.Service\ExpandoDB.Service.csproj", "{24AC01CA-5F8A-47F9-ABBB-7ACE7A6C44FA}"
EndProject
Project("{FAE04EC0-301F-11D3-BF4B-00C04F79EFBC}") = "Loader", "Loader\Loader.csproj", "{EC726B39-15E1-4558-80A7-814B61E3613D}"
EndProject
Project("{2150E333-8FDC-42A3-9474-1A3956D46DE8}") = "Solution Items", "Solution Items", "{4C61F486-E88F-4504-B297-739493A42994}"
	ProjectSection(SolutionItems) = preProject
		ExpandoDB.Tests.runsettings = ExpandoDB.Tests.runsettings
		LICENSE = LICENSE
		README.md = README.md
		VersionInfo.cs = VersionInfo.cs
	EndProjectSection
EndProject
Project("{54435603-DBB4-11D2-8724-00A0C9A8B90C}") = "ExpandoDB.Installer", "ExpandoDB.Installer\ExpandoDB.Installer.vdproj", "{546E2FF5-BD11-4E9D-9E74-25048E2B9DE4}"
EndProject
Global
	GlobalSection(SolutionConfigurationPlatforms) = preSolution
		Debug|Any CPU = Debug|Any CPU
		Release|Any CPU = Release|Any CPU
	EndGlobalSection
	GlobalSection(ProjectConfigurationPlatforms) = postSolution
		{FAB731B0-3894-475C-B2B7-1B602647130F}.Debug|Any CPU.ActiveCfg = Debug|Any CPU
		{FAB731B0-3894-475C-B2B7-1B602647130F}.Debug|Any CPU.Build.0 = Debug|Any CPU
		{FAB731B0-3894-475C-B2B7-1B602647130F}.Release|Any CPU.ActiveCfg = Release|Any CPU
		{FAB731B0-3894-475C-B2B7-1B602647130F}.Release|Any CPU.Build.0 = Release|Any CPU
		{412B8855-C637-4184-8EFE-D9827258C85F}.Debug|Any CPU.ActiveCfg = Debug|Any CPU
		{412B8855-C637-4184-8EFE-D9827258C85F}.Debug|Any CPU.Build.0 = Debug|Any CPU
		{412B8855-C637-4184-8EFE-D9827258C85F}.Release|Any CPU.ActiveCfg = Release|Any CPU
		{412B8855-C637-4184-8EFE-D9827258C85F}.Release|Any CPU.Build.0 = Release|Any CPU
		{805057EC-2405-4FDA-B2D9-65FDA56591DF}.Debug|Any CPU.ActiveCfg = Debug|Any CPU
		{805057EC-2405-4FDA-B2D9-65FDA56591DF}.Debug|Any CPU.Build.0 = Debug|Any CPU
		{805057EC-2405-4FDA-B2D9-65FDA56591DF}.Release|Any CPU.ActiveCfg = Release|Any CPU
		{805057EC-2405-4FDA-B2D9-65FDA56591DF}.Release|Any CPU.Build.0 = Release|Any CPU
		{24AC01CA-5F8A-47F9-ABBB-7ACE7A6C44FA}.Debug|Any CPU.ActiveCfg = Debug|Any CPU
		{24AC01CA-5F8A-47F9-ABBB-7ACE7A6C44FA}.Debug|Any CPU.Build.0 = Debug|Any CPU
		{24AC01CA-5F8A-47F9-ABBB-7ACE7A6C44FA}.Debug|Any CPU.Deploy.0 = Debug|Any CPU
		{24AC01CA-5F8A-47F9-ABBB-7ACE7A6C44FA}.Release|Any CPU.ActiveCfg = Release|Any CPU
		{24AC01CA-5F8A-47F9-ABBB-7ACE7A6C44FA}.Release|Any CPU.Build.0 = Release|Any CPU
		{EC726B39-15E1-4558-80A7-814B61E3613D}.Debug|Any CPU.ActiveCfg = Debug|Any CPU
		{EC726B39-15E1-4558-80A7-814B61E3613D}.Debug|Any CPU.Build.0 = Debug|Any CPU
		{EC726B39-15E1-4558-80A7-814B61E3613D}.Release|Any CPU.ActiveCfg = Release|Any CPU
		{EC726B39-15E1-4558-80A7-814B61E3613D}.Release|Any CPU.Build.0 = Release|Any CPU
		{546E2FF5-BD11-4E9D-9E74-25048E2B9DE4}.Debug|Any CPU.ActiveCfg = Debug
		{546E2FF5-BD11-4E9D-9E74-25048E2B9DE4}.Debug|Any CPU.Build.0 = Debug
		{546E2FF5-BD11-4E9D-9E74-25048E2B9DE4}.Release|Any CPU.ActiveCfg = Release
		{546E2FF5-BD11-4E9D-9E74-25048E2B9DE4}.Release|Any CPU.Build.0 = Release
	EndGlobalSection
	GlobalSection(SolutionProperties) = preSolution
		HideSolutionNode = FALSE
	EndGlobalSection
EndGlobal
